
Microsoft Visual Studio Solution File, Format Version 12.00
# Visual Studio Version 17
VisualStudioVersion = 17.4.33205.214
MinimumVisualStudioVersion = 10.0.40219.1
Project("{2150E333-8FDC-42A3-9474-1A3956D46DE8}") = "01. Presentation", "01. Presentation", "{EF82A9AA-15D9-4F91-A94A-622C76724CFD}"
EndProject
Project("{9A19103F-16F7-4668-BE54-9A1E7A4F7556}") = "NewHabr.WebApi", "01. Presentation\NewHabr.WebApi\NewHabr.WebApi.csproj", "{12F6F30B-40A6-41A1-ACFA-B9DAE8D74856}"
EndProject
Project("{FAE04EC0-301F-11D3-BF4B-00C04F79EFBC}") = "NewHabr.WebUI", "01. Presentation\NewHabr.WebUI\NewHabr.WebUI.csproj", "{FA310582-D642-44A1-A115-D6F8F4ECC346}"
EndProject
Project("{2150E333-8FDC-42A3-9474-1A3956D46DE8}") = "02. Business", "02. Business", "{37F73D16-9ADE-48A1-89FC-35C8F310145E}"
EndProject
Project("{2150E333-8FDC-42A3-9474-1A3956D46DE8}") = "03. DAL", "03. DAL", "{14DE0701-B419-492D-A67C-82B9A19C5B15}"
EndProject
Project("{2150E333-8FDC-42A3-9474-1A3956D46DE8}") = "04. Tests", "04. Tests", "{7DBBB6AE-4238-4BF1-8A63-444E6975D49B}"
EndProject
Project("{9A19103F-16F7-4668-BE54-9A1E7A4F7556}") = "NewHabr.Domain", "02. Business\NewHabr.Domain\NewHabr.Domain.csproj", "{1EBAAEA6-A74C-4AEC-A53A-8F7901EF4E46}"
EndProject
Project("{9A19103F-16F7-4668-BE54-9A1E7A4F7556}") = "NewHabr.Business", "02. Business\NewHabr.Business\NewHabr.Business.csproj", "{5AF4D69D-CF0F-4CCD-AA66-53858BECE187}"
EndProject
Project("{9A19103F-16F7-4668-BE54-9A1E7A4F7556}") = "NewHabr.DAL", "03. DAL\NewHabr.DAL\NewHabr.DAL.csproj", "{92724DE5-BF1E-4529-B080-7D8A76F3F395}"
EndProject
Project("{9A19103F-16F7-4668-BE54-9A1E7A4F7556}") = "NewHabr.MSSQL", "03. DAL\NewHabr.MSSQL\NewHabr.MSSQL.csproj", "{8C60B0D5-7FBB-4380-B4D9-1539F4E4D169}"
EndProject
Project("{9A19103F-16F7-4668-BE54-9A1E7A4F7556}") = "NewHabr.PostgreSQL", "03. DAL\NewHabr.PostgreSQL\NewHabr.PostgreSQL.csproj", "{7E67FE89-B49F-44E4-B0AD-7D35724F26CA}"
EndProject
Project("{FAE04EC0-301F-11D3-BF4B-00C04F79EFBC}") = "UnitTests", "04. Tests\UnitTests\UnitTests.csproj", "{3570C231-E03F-466F-B3BC-069AD95312A8}"
EndProject
Global
	GlobalSection(SolutionConfigurationPlatforms) = preSolution
		Debug|Any CPU = Debug|Any CPU
		Release|Any CPU = Release|Any CPU
	EndGlobalSection
	GlobalSection(ProjectConfigurationPlatforms) = postSolution
		{12F6F30B-40A6-41A1-ACFA-B9DAE8D74856}.Debug|Any CPU.ActiveCfg = Debug|Any CPU
		{12F6F30B-40A6-41A1-ACFA-B9DAE8D74856}.Debug|Any CPU.Build.0 = Debug|Any CPU
		{12F6F30B-40A6-41A1-ACFA-B9DAE8D74856}.Release|Any CPU.ActiveCfg = Release|Any CPU
		{12F6F30B-40A6-41A1-ACFA-B9DAE8D74856}.Release|Any CPU.Build.0 = Release|Any CPU
		{FA310582-D642-44A1-A115-D6F8F4ECC346}.Debug|Any CPU.ActiveCfg = Debug|Any CPU
		{FA310582-D642-44A1-A115-D6F8F4ECC346}.Debug|Any CPU.Build.0 = Debug|Any CPU
		{FA310582-D642-44A1-A115-D6F8F4ECC346}.Release|Any CPU.ActiveCfg = Release|Any CPU
		{FA310582-D642-44A1-A115-D6F8F4ECC346}.Release|Any CPU.Build.0 = Release|Any CPU
		{1EBAAEA6-A74C-4AEC-A53A-8F7901EF4E46}.Debug|Any CPU.ActiveCfg = Debug|Any CPU
		{1EBAAEA6-A74C-4AEC-A53A-8F7901EF4E46}.Debug|Any CPU.Build.0 = Debug|Any CPU
		{1EBAAEA6-A74C-4AEC-A53A-8F7901EF4E46}.Release|Any CPU.ActiveCfg = Release|Any CPU
		{1EBAAEA6-A74C-4AEC-A53A-8F7901EF4E46}.Release|Any CPU.Build.0 = Release|Any CPU
		{5AF4D69D-CF0F-4CCD-AA66-53858BECE187}.Debug|Any CPU.ActiveCfg = Debug|Any CPU
		{5AF4D69D-CF0F-4CCD-AA66-53858BECE187}.Debug|Any CPU.Build.0 = Debug|Any CPU
		{5AF4D69D-CF0F-4CCD-AA66-53858BECE187}.Release|Any CPU.ActiveCfg = Release|Any CPU
		{5AF4D69D-CF0F-4CCD-AA66-53858BECE187}.Release|Any CPU.Build.0 = Release|Any CPU
		{92724DE5-BF1E-4529-B080-7D8A76F3F395}.Debug|Any CPU.ActiveCfg = Debug|Any CPU
		{92724DE5-BF1E-4529-B080-7D8A76F3F395}.Debug|Any CPU.Build.0 = Debug|Any CPU
		{92724DE5-BF1E-4529-B080-7D8A76F3F395}.Release|Any CPU.ActiveCfg = Release|Any CPU
		{92724DE5-BF1E-4529-B080-7D8A76F3F395}.Release|Any CPU.Build.0 = Release|Any CPU
		{8C60B0D5-7FBB-4380-B4D9-1539F4E4D169}.Debug|Any CPU.ActiveCfg = Debug|Any CPU
		{8C60B0D5-7FBB-4380-B4D9-1539F4E4D169}.Debug|Any CPU.Build.0 = Debug|Any CPU
		{8C60B0D5-7FBB-4380-B4D9-1539F4E4D169}.Release|Any CPU.ActiveCfg = Release|Any CPU
		{8C60B0D5-7FBB-4380-B4D9-1539F4E4D169}.Release|Any CPU.Build.0 = Release|Any CPU
		{7E67FE89-B49F-44E4-B0AD-7D35724F26CA}.Debug|Any CPU.ActiveCfg = Debug|Any CPU
		{7E67FE89-B49F-44E4-B0AD-7D35724F26CA}.Debug|Any CPU.Build.0 = Debug|Any CPU
		{7E67FE89-B49F-44E4-B0AD-7D35724F26CA}.Release|Any CPU.ActiveCfg = Release|Any CPU
		{7E67FE89-B49F-44E4-B0AD-7D35724F26CA}.Release|Any CPU.Build.0 = Release|Any CPU
		{3570C231-E03F-466F-B3BC-069AD95312A8}.Debug|Any CPU.ActiveCfg = Debug|Any CPU
		{3570C231-E03F-466F-B3BC-069AD95312A8}.Debug|Any CPU.Build.0 = Debug|Any CPU
		{3570C231-E03F-466F-B3BC-069AD95312A8}.Release|Any CPU.ActiveCfg = Release|Any CPU
		{3570C231-E03F-466F-B3BC-069AD95312A8}.Release|Any CPU.Build.0 = Release|Any CPU
	EndGlobalSection
	GlobalSection(SolutionProperties) = preSolution
		HideSolutionNode = FALSE
	EndGlobalSection
	GlobalSection(NestedProjects) = preSolution
		{12F6F30B-40A6-41A1-ACFA-B9DAE8D74856} = {EF82A9AA-15D9-4F91-A94A-622C76724CFD}
		{FA310582-D642-44A1-A115-D6F8F4ECC346} = {EF82A9AA-15D9-4F91-A94A-622C76724CFD}
		{1EBAAEA6-A74C-4AEC-A53A-8F7901EF4E46} = {37F73D16-9ADE-48A1-89FC-35C8F310145E}
		{5AF4D69D-CF0F-4CCD-AA66-53858BECE187} = {37F73D16-9ADE-48A1-89FC-35C8F310145E}
		{92724DE5-BF1E-4529-B080-7D8A76F3F395} = {14DE0701-B419-492D-A67C-82B9A19C5B15}
		{8C60B0D5-7FBB-4380-B4D9-1539F4E4D169} = {14DE0701-B419-492D-A67C-82B9A19C5B15}
		{7E67FE89-B49F-44E4-B0AD-7D35724F26CA} = {14DE0701-B419-492D-A67C-82B9A19C5B15}
		{3570C231-E03F-466F-B3BC-069AD95312A8} = {7DBBB6AE-4238-4BF1-8A63-444E6975D49B}
	EndGlobalSection
	GlobalSection(ExtensibilityGlobals) = postSolution
		SolutionGuid = {3B5951BB-0F1F-49FE-9E00-11866A7E9CD6}
	EndGlobalSection
EndGlobal
